{
    "elasticsearch/elasticsearch": {
        "version": "v6.7.2"
    },
    "guzzlehttp/ringphp": {
        "version": "1.1.1"
    },
    "guzzlehttp/streams": {
        "version": "3.0.0"
    },
    "jolicode/elastically": {
        "version": "v0.1-beta.1"
    },
    "nikic/php-parser": {
        "version": "v4.4.0"
    },
    "php": {
        "version": "7.4"
    },
    "phpdocumentor/reflection-common": {
        "version": "2.1.0"
    },
    "phpdocumentor/reflection-docblock": {
        "version": "5.1.0"
    },
    "phpdocumentor/type-resolver": {
        "version": "1.1.0"
    },
    "react/promise": {
        "version": "v2.7.1"
    },
    "ruflin/elastica": {
        "version": "6.1.1"
    },
    "symfony/maker-bundle": {
        "version": "1.0",
        "recipe": {
            "repo": "github.com/symfony/recipes",
            "branch": "master",
            "version": "1.0",
            "ref": "fadbfe33303a76e25cb63401050439aa9b1a9c7f"
        }
    },
    "symfony/process": {
        "version": "v5.0.8"
    },
    "symfony/property-info": {
        "version": "v4.4.8"
    },
    "symfony/serializer": {
        "version": "v4.4.8"
    },
    "webmozart/assert": {
        "version": "1.8.0"
    }
}
